# THIS IS AN AUTOGENERATED FILE. DO NOT EDIT THIS FILE DIRECTLY.
# yarn lockfile v1


bootstrap-slider@^10.6.2:
  version "10.6.2"
  resolved "https://registry.yarnpkg.com/bootstrap-slider/-/bootstrap-slider-10.6.2.tgz#7341f468c012bdaa6a1d8625d989fdeb8ed7dd38"
  integrity sha512-8JTPZB9QVOdrGzYF3YgC3YW6ssfPeBvBwZnXffiZ7YH/zz1D0EKlZvmQsm/w3N0XjVNYQEoQ0ax+jHrErV4K1Q==

moment@^2.29.4:
  version "2.29.4"
  resolved "https://registry.yarnpkg.com/moment/-/moment-2.29.4.tgz#3dbe052889fe7c1b2ed966fcb3a77328964ef108"
  integrity sha512-5LC9SOxjSc2HF6vO2CyuTDNivEdoz2IvyJJGj6X8DJ0eFyfszE0QiEd+iXmBvUP3WHxSjFH/vIsA0EN00cgr8w==
